
Microsoft Visual Studio Solution File, Format Version 12.00
# Visual Studio Version 17
VisualStudioVersion = 17.6.33815.320
MinimumVisualStudioVersion = 10.0.40219.1
Project("{FAE04EC0-301F-11D3-BF4B-00C04F79EFBC}") = "API", "API\API.csproj", "{4D49D3DF-2BDD-45C3-8005-7B6E662887F5}"
EndProject
Global
	GlobalSection(SolutionConfigurationPlatforms) = preSolution
		Debug|Any CPU = Debug|Any CPU
		Release|Any CPU = Release|Any CPU
	EndGlobalSection
	GlobalSection(ProjectConfigurationPlatforms) = postSolution
		{4D49D3DF-2BDD-45C3-8005-7B6E662887F5}.Debug|Any CPU.ActiveCfg = Debug|Any CPU
		{4D49D3DF-2BDD-45C3-8005-7B6E662887F5}.Debug|Any CPU.Build.0 = Debug|Any CPU
		{4D49D3DF-2BDD-45C3-8005-7B6E662887F5}.Release|Any CPU.ActiveCfg = Release|Any CPU
		{4D49D3DF-2BDD-45C3-8005-7B6E662887F5}.Release|Any CPU.Build.0 = Release|Any CPU
	EndGlobalSection
	GlobalSection(SolutionProperties) = preSolution
		HideSolutionNode = FALSE
	EndGlobalSection
	GlobalSection(ExtensibilityGlobals) = postSolution
		SolutionGuid = {0DA653A8-74F8-418E-B65B-3DD3112DFF70}
	EndGlobalSection
EndGlobal
